<?xml version="1.0" encoding="utf-8"?>
<Project ToolsVersion="4.0" xmlns="http://schemas.microsoft.com/developer/msbuild/2003">
  <ItemGroup>
    <Filter Include="ゲーム依存ファイル">
      <UniqueIdentifier>{4FC737F1-C7A5-4376-A066-2A32D752A2FF}</UniqueIdentifier>
      <Extensions>cpp;c;cc;cxx;def;odl;idl;hpj;bat;asm;asmx</Extensions>
    </Filter>
    <Filter Include="オリジナルライブラリ">
      <UniqueIdentifier>{67DA6AB6-F800-4c08-8B7A-83BB121AAD01}</UniqueIdentifier>
      <Extensions>rc;ico;cur;bmp;dlg;rc2;rct;bin;rgs;gif;jpg;jpeg;jpe;resx;tiff;tif;png;wav;mfcribbon-ms</Extensions>
    </Filter>
    <Filter Include="ゲーム依存ファイル\Clear">
      <UniqueIdentifier>{11e5ed6c-337d-4b5a-8c26-77bd1fdbecc1}</UniqueIdentifier>
    </Filter>
    <Filter Include="ゲーム依存ファイル\Title">
      <UniqueIdentifier>{5abfbcf9-c146-4ca0-837a-d1e87b206039}</UniqueIdentifier>
    </Filter>
    <Filter Include="ゲーム依存ファイル\GameOver">
      <UniqueIdentifier>{3bde42d8-9dd4-4ec7-8656-8a304402930b}</UniqueIdentifier>
    </Filter>
    <Filter Include="ゲーム依存ファイル\Main">
      <UniqueIdentifier>{4a6447ad-9ae8-4173-a9e2-733c6d65555b}</UniqueIdentifier>
    </Filter>
  </ItemGroup>
  <ItemGroup>
    <ClInclude Include="Game\Clear\ClearBackGround.h">
      <Filter>ゲーム依存ファイル\Clear</Filter>
    </ClInclude>
    <ClInclude Include="Game\Clear\ClearCamera.h">
      <Filter>ゲーム依存ファイル\Clear</Filter>
    </ClInclude>
    <ClInclude Include="Game\Clear\SceneClear.h">
      <Filter>ゲーム依存ファイル\Clear</Filter>
    </ClInclude>
    <ClInclude Include="Game\Title\SceneTitle.h">
      <Filter>ゲーム依存ファイル\Title</Filter>
    </ClInclude>
    <ClInclude Include="Game\Title\TitleBackGround.h">
      <Filter>ゲーム依存ファイル\Title</Filter>
    </ClInclude>
    <ClInclude Include="Game\Title\TitleCamera.h">
      <Filter>ゲーム依存ファイル\Title</Filter>
    </ClInclude>
    <ClInclude Include="Game\GameOver\GameOverBackGround.h">
      <Filter>ゲーム依存ファイル\GameOver</Filter>
    </ClInclude>
    <ClInclude Include="Game\GameOver\GameOverCamera.h">
      <Filter>ゲーム依存ファイル\GameOver</Filter>
    </ClInclude>
    <ClInclude Include="Game\GameOver\SceneGameOver.h">
      <Filter>ゲーム依存ファイル\GameOver</Filter>
    </ClInclude>
    <ClInclude Include="Game\Main\Enemy.h">
      <Filter>ゲーム依存ファイル\Main</Filter>
    </ClInclude>
    <ClInclude Include="Game\Main\EnemyBlue.h">
      <Filter>ゲーム依存ファイル\Main</Filter>
    </ClInclude>
    <ClInclude Include="Game\Main\EnemyOrange.h">
      <Filter>ゲーム依存ファイル\Main</Filter>
    </ClInclude>
    <ClInclude Include="Game\Main\EnemyPink.h">
      <Filter>ゲーム依存ファイル\Main</Filter>
    </ClInclude>
    <ClInclude Include="Game\Main\EnemyRed.h">
      <Filter>ゲーム依存ファイル\Main</Filter>
    </ClInclude>
    <ClInclude Include="Game\Main\Food.h">
      <Filter>ゲーム依存ファイル\Main</Filter>
    </ClInclude>
    <ClInclude Include="Game\Main\MainCamera.h">
      <Filter>ゲーム依存ファイル\Main</Filter>
    </ClInclude>
    <ClInclude Include="Game\Main\Map.h">
      <Filter>ゲーム依存ファイル\Main</Filter>
    </ClInclude>
    <ClInclude Include="Game\Main\Player.h">
      <Filter>ゲーム依存ファイル\Main</Filter>
    </ClInclude>
    <ClInclude Include="Game\Main\PowerFood.h">
      <Filter>ゲーム依存ファイル\Main</Filter>
    </ClInclude>
    <ClInclude Include="Game\Main\SceneMain.h">
      <Filter>ゲーム依存ファイル\Main</Filter>
    </ClInclude>
    <ClInclude Include="Game\Main\Wall.h">
      <Filter>ゲーム依存ファイル\Main</Filter>
    </ClInclude>
    <ClInclude Include="Library\Audio.h">
      <Filter>オリジナルライブラリ</Filter>
    </ClInclude>
    <ClInclude Include="Library\Camera.h">
      <Filter>オリジナルライブラリ</Filter>
    </ClInclude>
    <ClInclude Include="Library\CObj.h">
      <Filter>オリジナルライブラリ</Filter>
    </ClInclude>
    <ClInclude Include="Library\DirectX.h">
      <Filter>オリジナルライブラリ</Filter>
    </ClInclude>
    <ClInclude Include="Library\Font.h">
      <Filter>オリジナルライブラリ</Filter>
    </ClInclude>
    <ClInclude Include="Library\Input.h">
      <Filter>オリジナルライブラリ</Filter>
    </ClInclude>
    <ClInclude Include="Library\Main.h">
      <Filter>オリジナルライブラリ</Filter>
    </ClInclude>
    <ClInclude Include="Library\Math.h">
      <Filter>オリジナルライブラリ</Filter>
    </ClInclude>
    <ClInclude Include="Library\Obb.h">
      <Filter>オリジナルライブラリ</Filter>
    </ClInclude>
    <ClInclude Include="Library\ObjLoader.h">
      <Filter>オリジナルライブラリ</Filter>
    </ClInclude>
    <ClInclude Include="Library\Polygon.h">
      <Filter>オリジナルライブラリ</Filter>
    </ClInclude>
    <ClInclude Include="Library\Ray.h">
      <Filter>オリジナルライブラリ</Filter>
    </ClInclude>
    <ClInclude Include="Library\Route.h">
      <Filter>オリジナルライブラリ</Filter>
    </ClInclude>
    <ClInclude Include="Library\Scene.h">
      <Filter>オリジナルライブラリ</Filter>
    </ClInclude>
    <ClInclude Include="Library\Shader.h">
      <Filter>オリジナルライブラリ</Filter>
    </ClInclude>
    <ClInclude Include="Library\Task.h">
      <Filter>オリジナルライブラリ</Filter>
    </ClInclude>
    <ClInclude Include="Library\SceneInclude.h">
      <Filter>オリジナルライブラリ</Filter>
    </ClInclude>
  </ItemGroup>
  <ItemGroup>
    <ClCompile Include="Game\Clear\ClearBackGround.cpp">
      <Filter>ゲーム依存ファイル\Clear</Filter>
    </ClCompile>
    <ClCompile Include="Game\Clear\ClearCamera.cpp">
      <Filter>ゲーム依存ファイル\Clear</Filter>
    </ClCompile>
    <ClCompile Include="Game\Clear\SceneClear.cpp">
      <Filter>ゲーム依存ファイル\Clear</Filter>
    </ClCompile>
    <ClCompile Include="Game\Title\SceneTitle.cpp">
      <Filter>ゲーム依存ファイル\Title</Filter>
    </ClCompile>
    <ClCompile Include="Game\Title\TitleBackGround.cpp">
      <Filter>ゲーム依存ファイル\Title</Filter>
    </ClCompile>
    <ClCompile Include="Game\Title\TitleCamera.cpp">
      <Filter>ゲーム依存ファイル\Title</Filter>
    </ClCompile>
    <ClCompile Include="Game\GameOver\GameOverBackGround.cpp">
      <Filter>ゲーム依存ファイル\GameOver</Filter>
    </ClCompile>
    <ClCompile Include="Game\GameOver\GameOverCamera.cpp">
      <Filter>ゲーム依存ファイル\GameOver</Filter>
    </ClCompile>
    <ClCompile Include="Game\GameOver\SceneGameOver.cpp">
      <Filter>ゲーム依存ファイル\GameOver</Filter>
    </ClCompile>
    <ClCompile Include="Game\Main\Enemy.cpp">
      <Filter>ゲーム依存ファイル\Main</Filter>
    </ClCompile>
    <ClCompile Include="Game\Main\EnemyBlue.cpp">
      <Filter>ゲーム依存ファイル\Main</Filter>
    </ClCompile>
    <ClCompile Include="Game\Main\EnemyOrange.cpp">
      <Filter>ゲーム依存ファイル\Main</Filter>
    </ClCompile>
    <ClCompile Include="Game\Main\EnemyPink.cpp">
      <Filter>ゲーム依存ファイル\Main</Filter>
    </ClCompile>
    <ClCompile Include="Game\Main\EnemyRed.cpp">
      <Filter>ゲーム依存ファイル\Main</Filter>
    </ClCompile>
    <ClCompile Include="Game\Main\Food.cpp">
      <Filter>ゲーム依存ファイル\Main</Filter>
    </ClCompile>
    <ClCompile Include="Game\Main\MainCamera.cpp">
      <Filter>ゲーム依存ファイル\Main</Filter>
    </ClCompile>
    <ClCompile Include="Game\Main\Map.cpp">
      <Filter>ゲーム依存ファイル\Main</Filter>
    </ClCompile>
    <ClCompile Include="Game\Main\Player.cpp">
      <Filter>ゲーム依存ファイル\Main</Filter>
    </ClCompile>
    <ClCompile Include="Game\Main\PowerFood.cpp">
      <Filter>ゲーム依存ファイル\Main</Filter>
    </ClCompile>
    <ClCompile Include="Game\Main\SceneMain.cpp">
      <Filter>ゲーム依存ファイル\Main</Filter>
    </ClCompile>
    <ClCompile Include="Game\Main\Wall.cpp">
      <Filter>ゲーム依存ファイル\Main</Filter>
    </ClCompile>
    <ClCompile Include="Library\Audio.cpp">
      <Filter>オリジナルライブラリ</Filter>
    </ClCompile>
    <ClCompile Include="Library\DirectX.cpp">
      <Filter>オリジナルライブラリ</Filter>
    </ClCompile>
    <ClCompile Include="Library\Font.cpp">
      <Filter>オリジナルライブラリ</Filter>
    </ClCompile>
    <ClCompile Include="Library\Input.cpp">
      <Filter>オリジナルライブラリ</Filter>
    </ClCompile>
    <ClCompile Include="Library\Main.cpp">
      <Filter>オリジナルライブラリ</Filter>
    </ClCompile>
    <ClCompile Include="Library\Math.cpp">
      <Filter>オリジナルライブラリ</Filter>
    </ClCompile>
    <ClCompile Include="Library\Obb.cpp">
      <Filter>オリジナルライブラリ</Filter>
    </ClCompile>
    <ClCompile Include="Library\ObjLoader.cpp">
      <Filter>オリジナルライブラリ</Filter>
    </ClCompile>
    <ClCompile Include="Library\Polygon.cpp">
      <Filter>オリジナルライブラリ</Filter>
    </ClCompile>
    <ClCompile Include="Library\Ray.cpp">
      <Filter>オリジナルライブラリ</Filter>
    </ClCompile>
    <ClCompile Include="Library\Route.cpp">
      <Filter>オリジナルライブラリ</Filter>
    </ClCompile>
    <ClCompile Include="Library\Scene.cpp">
      <Filter>オリジナルライブラリ</Filter>
    </ClCompile>
    <ClCompile Include="Library\Shader.cpp">
      <Filter>オリジナルライブラリ</Filter>
    </ClCompile>
    <ClCompile Include="Library\Task.cpp">
      <Filter>オリジナルライブラリ</Filter>
    </ClCompile>
    <ClCompile Include="Library\SceneInclude.cpp">
      <Filter>オリジナルライブラリ</Filter>
    </ClCompile>
  </ItemGroup>
</Project>